
Microsoft Visual Studio Solution File, Format Version 12.00
# Visual Studio Version 17
VisualStudioVersion = 17.5.33414.496
MinimumVisualStudioVersion = 10.0.40219.1
Project("{9A19103F-16F7-4668-BE54-9A1E7A4F7556}") = "Nlayer.Core", "Nlayer.Core\Nlayer.Core.csproj", "{57291A65-268C-4B78-8084-AB02B7F38804}"
EndProject
Project("{9A19103F-16F7-4668-BE54-9A1E7A4F7556}") = "NLayer.Repository", "NLayer.Repository\NLayer.Repository.csproj", "{63ABE233-1BA6-4DCB-9FBE-B21AA2B43411}"
EndProject
Project("{9A19103F-16F7-4668-BE54-9A1E7A4F7556}") = "NLayer.Service", "NLayer.Service\NLayer.Service.csproj", "{35E2A8C6-3A86-42EE-9B07-BE1A6F76C3F0}"
EndProject
Project("{9A19103F-16F7-4668-BE54-9A1E7A4F7556}") = "NLayer.API", "NLayer.API\NLayer.API.csproj", "{F5C083E9-762A-41A0-9C2E-7CBBD7EE7644}"
EndProject
Project("{9A19103F-16F7-4668-BE54-9A1E7A4F7556}") = "NLayer.Web", "NLayer.Web\NLayer.Web.csproj", "{C63C259F-8547-4E13-92F5-A84EFBEACC23}"
EndProject
Project("{9A19103F-16F7-4668-BE54-9A1E7A4F7556}") = "NLayer.Caching", "NLayer.Caching\NLayer.Caching.csproj", "{C5B2D9E6-3A01-4CB3-9294-9DE4ED485309}"
EndProject
Project("{2150E333-8FDC-42A3-9474-1A3956D46DE8}") = "Solution Items", "Solution Items", "{CDD65662-2C0D-48B8-B030-D2BBA3043961}"
	ProjectSection(SolutionItems) = preProject
		Ports.txt = Ports.txt
	EndProjectSection
EndProject
Global
	GlobalSection(SolutionConfigurationPlatforms) = preSolution
		Debug|Any CPU = Debug|Any CPU
		Release|Any CPU = Release|Any CPU
	EndGlobalSection
	GlobalSection(ProjectConfigurationPlatforms) = postSolution
		{57291A65-268C-4B78-8084-AB02B7F38804}.Debug|Any CPU.ActiveCfg = Debug|Any CPU
		{57291A65-268C-4B78-8084-AB02B7F38804}.Debug|Any CPU.Build.0 = Debug|Any CPU
		{57291A65-268C-4B78-8084-AB02B7F38804}.Release|Any CPU.ActiveCfg = Release|Any CPU
		{57291A65-268C-4B78-8084-AB02B7F38804}.Release|Any CPU.Build.0 = Release|Any CPU
		{63ABE233-1BA6-4DCB-9FBE-B21AA2B43411}.Debug|Any CPU.ActiveCfg = Debug|Any CPU
		{63ABE233-1BA6-4DCB-9FBE-B21AA2B43411}.Debug|Any CPU.Build.0 = Debug|Any CPU
		{63ABE233-1BA6-4DCB-9FBE-B21AA2B43411}.Release|Any CPU.ActiveCfg = Release|Any CPU
		{63ABE233-1BA6-4DCB-9FBE-B21AA2B43411}.Release|Any CPU.Build.0 = Release|Any CPU
		{35E2A8C6-3A86-42EE-9B07-BE1A6F76C3F0}.Debug|Any CPU.ActiveCfg = Debug|Any CPU
		{35E2A8C6-3A86-42EE-9B07-BE1A6F76C3F0}.Debug|Any CPU.Build.0 = Debug|Any CPU
		{35E2A8C6-3A86-42EE-9B07-BE1A6F76C3F0}.Release|Any CPU.ActiveCfg = Release|Any CPU
		{35E2A8C6-3A86-42EE-9B07-BE1A6F76C3F0}.Release|Any CPU.Build.0 = Release|Any CPU
		{F5C083E9-762A-41A0-9C2E-7CBBD7EE7644}.Debug|Any CPU.ActiveCfg = Debug|Any CPU
		{F5C083E9-762A-41A0-9C2E-7CBBD7EE7644}.Debug|Any CPU.Build.0 = Debug|Any CPU
		{F5C083E9-762A-41A0-9C2E-7CBBD7EE7644}.Release|Any CPU.ActiveCfg = Release|Any CPU
		{F5C083E9-762A-41A0-9C2E-7CBBD7EE7644}.Release|Any CPU.Build.0 = Release|Any CPU
		{C63C259F-8547-4E13-92F5-A84EFBEACC23}.Debug|Any CPU.ActiveCfg = Debug|Any CPU
		{C63C259F-8547-4E13-92F5-A84EFBEACC23}.Debug|Any CPU.Build.0 = Debug|Any CPU
		{C63C259F-8547-4E13-92F5-A84EFBEACC23}.Release|Any CPU.ActiveCfg = Release|Any CPU
		{C63C259F-8547-4E13-92F5-A84EFBEACC23}.Release|Any CPU.Build.0 = Release|Any CPU
		{C5B2D9E6-3A01-4CB3-9294-9DE4ED485309}.Debug|Any CPU.ActiveCfg = Debug|Any CPU
		{C5B2D9E6-3A01-4CB3-9294-9DE4ED485309}.Debug|Any CPU.Build.0 = Debug|Any CPU
		{C5B2D9E6-3A01-4CB3-9294-9DE4ED485309}.Release|Any CPU.ActiveCfg = Release|Any CPU
		{C5B2D9E6-3A01-4CB3-9294-9DE4ED485309}.Release|Any CPU.Build.0 = Release|Any CPU
	EndGlobalSection
	GlobalSection(SolutionProperties) = preSolution
		HideSolutionNode = FALSE
	EndGlobalSection
	GlobalSection(ExtensibilityGlobals) = postSolution
		SolutionGuid = {75432D7F-5EF8-40AD-BFE8-BE03A1552258}
	EndGlobalSection
EndGlobal
